// !$*UTF8*$!
{
	archiveVersion = 1;
	classes = {
	};
	objectVersion = 77;
	objects = {

/* Begin PBXContainerItemProxy section */
		64B91E9E2D8D7191000AF956 /* PBXContainerItemProxy */ = {
			isa = PBXContainerItemProxy;
			containerPortal = 64B91E832D8D718F000AF956 /* Project object */;
			proxyType = 1;
			remoteGlobalIDString = 64B91E8A2D8D718F000AF956;
			remoteInfo = toTravel;
		};
		64B91EA82D8D7192000AF956 /* PBXContainerItemProxy */ = {
			isa = PBXContainerItemProxy;
			containerPortal = 64B91E832D8D718F000AF956 /* Project object */;
			proxyType = 1;
			remoteGlobalIDString = 64B91E8A2D8D718F000AF956;
			remoteInfo = toTravel;
		};
/* End PBXContainerItemProxy section */

/* Begin PBXFileReference section */
		64B91E8B2D8D718F000AF956 /* toTravel.app */ = {isa = PBXFileReference; explicitFileType = wrapper.application; includeInIndex = 0; path = toTravel.app; sourceTree = BUILT_PRODUCTS_DIR; };
		64B91E9D2D8D7191000AF956 /* toTravelTests.xctest */ = {isa = PBXFileReference; explicitFileType = wrapper.cfbundle; includeInIndex = 0; path = toTravelTests.xctest; sourceTree = BUILT_PRODUCTS_DIR; };
		64B91EA72D8D7192000AF956 /* toTravelUITests.xctest */ = {isa = PBXFileReference; explicitFileType = wrapper.cfbundle; includeInIndex = 0; path = toTravelUITests.xctest; sourceTree = BUILT_PRODUCTS_DIR; };
/* End PBXFileReference section */

/* Begin PBXFileSystemSynchronizedBuildFileExceptionSet section */
		646B9E972D9C6969008358C7 /* Exceptions for "toTravel" folder in "toTravel" target */ = {
			isa = PBXFileSystemSynchronizedBuildFileExceptionSet;
			membershipExceptions = (
				Info.plist,
			);
			target = 64B91E8A2D8D718F000AF956 /* toTravel */;
		};
/* End PBXFileSystemSynchronizedBuildFileExceptionSet section */

/* Begin PBXFileSystemSynchronizedRootGroup section */
		64B91E8D2D8D718F000AF956 /* toTravel */ = {
			isa = PBXFileSystemSynchronizedRootGroup;
			exceptions = (
				646B9E972D9C6969008358C7 /* Exceptions for "toTravel" folder in "toTravel" target */,
			);
			path = toTravel;
			sourceTree = "<group>";
		};
		64B91EA02D8D7191000AF956 /* toTravelTests */ = {
			isa = PBXFileSystemSynchronizedRootGroup;
			path = toTravelTests;
			sourceTree = "<group>";
		};
		64B91EAA2D8D7192000AF956 /* toTravelUITests */ = {
			isa = PBXFileSystemSynchronizedRootGroup;
			path = toTravelUITests;
			sourceTree = "<group>";
		};
/* End PBXFileSystemSynchronizedRootGroup section */

/* Begin PBXFrameworksBuildPhase section */
		64B91E882D8D718F000AF956 /* Frameworks */ = {
			isa = PBXFrameworksBuildPhase;
			buildActionMask = 2147483647;
			files = (
			);
			runOnlyForDeploymentPostprocessing = 0;
		};
		64B91E9A2D8D7191000AF956 /* Frameworks */ = {
			isa = PBXFrameworksBuildPhase;
			buildActionMask = 2147483647;
			files = (
			);
			runOnlyForDeploymentPostprocessing = 0;
		};
		64B91EA42D8D7192000AF956 /* Frameworks */ = {
			isa = PBXFrameworksBuildPhase;
			buildActionMask = 2147483647;
			files = (
			);
			runOnlyForDeploymentPostprocessing = 0;
		};
/* End PBXFrameworksBuildPhase section */

/* Begin PBXGroup section */
		64B91E822D8D718F000AF956 = {
			isa = PBXGroup;
			children = (
				64B91E8D2D8D718F000AF956 /* toTravel */,
				64B91EA02D8D7191000AF956 /* toTravelTests */,
				64B91EAA2D8D7192000AF956 /* toTravelUITests */,
				64B91E8C2D8D718F000AF956 /* Products */,
			);
			sourceTree = "<group>";
		};
		64B91E8C2D8D718F000AF956 /* Products */ = {
			isa = PBXGroup;
			children = (
				64B91E8B2D8D718F000AF956 /* toTravel.app */,
				64B91E9D2D8D7191000AF956 /* toTravelTests.xctest */,
				64B91EA72D8D7192000AF956 /* toTravelUITests.xctest */,
			);
			name = Products;
			sourceTree = "<group>";
		};
/* End PBXGroup section */

/* Begin PBXNativeTarget section */
		64B91E8A2D8D718F000AF956 /* toTravel */ = {
			isa = PBXNativeTarget;
			buildConfigurationList = 64B91EB12D8D7192000AF956 /* Build configuration list for PBXNativeTarget "toTravel" */;
			buildPhases = (
				64B91E872D8D718F000AF956 /* Sources */,
				64B91E882D8D718F000AF956 /* Frameworks */,
				64B91E892D8D718F000AF956 /* Resources */,
			);
			buildRules = (
			);
			dependencies = (
			);
			fileSystemSynchronizedGroups = (
				64B91E8D2D8D718F000AF956 /* toTravel */,
			);
			name = toTravel;
			packageProductDependencies = (
			);
			productName = toTravel;
			productReference = 64B91E8B2D8D718F000AF956 /* toTravel.app */;
			productType = "com.apple.product-type.application";
		};
		64B91E9C2D8D7191000AF956 /* toTravelTests */ = {
			isa = PBXNativeTarget;
			buildConfigurationList = 64B91EB42D8D7192000AF956 /* Build configuration list for PBXNativeTarget "toTravelTests" */;
			buildPhases = (
				64B91E992D8D7191000AF956 /* Sources */,
				64B91E9A2D8D7191000AF956 /* Frameworks */,
				64B91E9B2D8D7191000AF956 /* Resources */,
			);
			buildRules = (
			);
			dependencies = (
				64B91E9F2D8D7191000AF956 /* PBXTargetDependency */,
			);
			fileSystemSynchronizedGroups = (
				64B91EA02D8D7191000AF956 /* toTravelTests */,
			);
			name = toTravelTests;
			packageProductDependencies = (
			);
			productName = toTravelTests;
			productReference = 64B91E9D2D8D7191000AF956 /* toTravelTests.xctest */;
			productType = "com.apple.product-type.bundle.unit-test";
		};
		64B91EA62D8D7192000AF956 /* toTravelUITests */ = {
			isa = PBXNativeTarget;
			buildConfigurationList = 64B91EB72D8D7192000AF956 /* Build configuration list for PBXNativeTarget "toTravelUITests" */;
			buildPhases = (
				64B91EA32D8D7192000AF956 /* Sources */,
				64B91EA42D8D7192000AF956 /* Frameworks */,
				64B91EA52D8D7192000AF956 /* Resources */,
			);
			buildRules = (
			);
			dependencies = (
				64B91EA92D8D7192000AF956 /* PBXTargetDependency */,
			);
			fileSystemSynchronizedGroups = (
				64B91EAA2D8D7192000AF956 /* toTravelUITests */,
			);
			name = toTravelUITests;
			packageProductDependencies = (
			);
			productName = toTravelUITests;
			productReference = 64B91EA72D8D7192000AF956 /* toTravelUITests.xctest */;
			productType = "com.apple.product-type.bundle.ui-testing";
		};
/* End PBXNativeTarget section */

/* Begin PBXProject section */
		64B91E832D8D718F000AF956 /* Project object */ = {
			isa = PBXProject;
			attributes = {
				BuildIndependentTargetsInParallel = 1;
				LastSwiftUpdateCheck = 1620;
				LastUpgradeCheck = 1620;
				TargetAttributes = {
					64B91E8A2D8D718F000AF956 = {
						CreatedOnToolsVersion = 16.2;
					};
					64B91E9C2D8D7191000AF956 = {
						CreatedOnToolsVersion = 16.2;
						TestTargetID = 64B91E8A2D8D718F000AF956;
					};
					64B91EA62D8D7192000AF956 = {
						CreatedOnToolsVersion = 16.2;
						TestTargetID = 64B91E8A2D8D718F000AF956;
					};
				};
			};
			buildConfigurationList = 64B91E862D8D718F000AF956 /* Build configuration list for PBXProject "toTravel" */;
			developmentRegion = en;
			hasScannedForEncodings = 0;
			knownRegions = (
				en,
				Base,
			);
			mainGroup = 64B91E822D8D718F000AF956;
			minimizedProjectReferenceProxies = 1;
			preferredProjectObjectVersion = 77;
			productRefGroup = 64B91E8C2D8D718F000AF956 /* Products */;
			projectDirPath = "";
			projectRoot = "";
			targets = (
				64B91E8A2D8D718F000AF956 /* toTravel */,
				64B91E9C2D8D7191000AF956 /* toTravelTests */,
				64B91EA62D8D7192000AF956 /* toTravelUITests */,
			);
		};
/* End PBXProject section */

/* Begin PBXResourcesBuildPhase section */
		64B91E892D8D718F000AF956 /* Resources */ = {
			isa = PBXResourcesBuildPhase;
			buildActionMask = 2147483647;
			files = (
			);
			runOnlyForDeploymentPostprocessing = 0;
		};
		64B91E9B2D8D7191000AF956 /* Resources */ = {
			isa = PBXResourcesBuildPhase;
			buildActionMask = 2147483647;
			files = (
			);
			runOnlyForDeploymentPostprocessing = 0;
		};
		64B91EA52D8D7192000AF956 /* Resources */ = {
			isa = PBXResourcesBuildPhase;
			buildActionMask = 2147483647;
			files = (
			);
			runOnlyForDeploymentPostprocessing = 0;
		};
/* End PBXResourcesBuildPhase section */

/* Begin PBXSourcesBuildPhase section */
		64B91E872D8D718F000AF956 /* Sources */ = {
			isa = PBXSourcesBuildPhase;
			buildActionMask = 2147483647;
			files = (
			);
			runOnlyForDeploymentPostprocessing = 0;
		};
		64B91E992D8D7191000AF956 /* Sources */ = {
			isa = PBXSourcesBuildPhase;
			buildActionMask = 2147483647;
			files = (
			);
			runOnlyForDeploymentPostprocessing = 0;
		};
		64B91EA32D8D7192000AF956 /* Sources */ = {
			isa = PBXSourcesBuildPhase;
			buildActionMask = 2147483647;
			files = (
			);
			runOnlyForDeploymentPostprocessing = 0;
		};
/* End PBXSourcesBuildPhase section */

/* Begin PBXTargetDependency section */
		64B91E9F2D8D7191000AF956 /* PBXTargetDependency */ = {
			isa = PBXTargetDependency;
			target = 64B91E8A2D8D718F000AF956 /* toTravel */;
			targetProxy = 64B91E9E2D8D7191000AF956 /* PBXContainerItemProxy */;
		};
		64B91EA92D8D7192000AF956 /* PBXTargetDependency */ = {
			isa = PBXTargetDependency;
			target = 64B91E8A2D8D718F000AF956 /* toTravel */;
			targetProxy = 64B91EA82D8D7192000AF956 /* PBXContainerItemProxy */;
		};
/* End PBXTargetDependency section */

/* Begin XCBuildConfiguration section */
		64B91EAF2D8D7192000AF956 /* Debug */ = {
			isa = XCBuildConfiguration;
			buildSettings = {
				ALWAYS_SEARCH_USER_PATHS = NO;
				ASSETCATALOG_COMPILER_GENERATE_SWIFT_ASSET_SYMBOL_EXTENSIONS = YES;
				CLANG_ANALYZER_NONNULL = YES;
				CLANG_ANALYZER_NUMBER_OBJECT_CONVERSION = YES_AGGRESSIVE;
				CLANG_CXX_LANGUAGE_STANDARD = "gnu++20";
				CLANG_ENABLE_MODULES = YES;
				CLANG_ENABLE_OBJC_ARC = YES;
				CLANG_ENABLE_OBJC_WEAK = YES;
				CLANG_WARN_BLOCK_CAPTURE_AUTORELEASING = YES;
				CLANG_WARN_BOOL_CONVERSION = YES;
				CLANG_WARN_COMMA = YES;
				CLANG_WARN_CONSTANT_CONVERSION = YES;
				CLANG_WARN_DEPRECATED_OBJC_IMPLEMENTATIONS = YES;
				CLANG_WARN_DIRECT_OBJC_ISA_USAGE = YES_ERROR;
				CLANG_WARN_DOCUMENTATION_COMMENTS = YES;
				CLANG_WARN_EMPTY_BODY = YES;
				CLANG_WARN_ENUM_CONVERSION = YES;
				CLANG_WARN_INFINITE_RECURSION = YES;
				CLANG_WARN_INT_CONVERSION = YES;
				CLANG_WARN_NON_LITERAL_NULL_CONVERSION = YES;
				CLANG_WARN_OBJC_IMPLICIT_RETAIN_SELF = YES;
				CLANG_WARN_OBJC_LITERAL_CONVERSION = YES;
				CLANG_WARN_OBJC_ROOT_CLASS = YES_ERROR;
				CLANG_WARN_QUOTED_INCLUDE_IN_FRAMEWORK_HEADER = YES;
				CLANG_WARN_RANGE_LOOP_ANALYSIS = YES;
				CLANG_WARN_STRICT_PROTOTYPES = YES;
				CLANG_WARN_SUSPICIOUS_MOVE = YES;
				CLANG_WARN_UNGUARDED_AVAILABILITY = YES_AGGRESSIVE;
				CLANG_WARN_UNREACHABLE_CODE = YES;
				CLANG_WARN__DUPLICATE_METHOD_MATCH = YES;
				COPY_PHASE_STRIP = NO;
				DEBUG_INFORMATION_FORMAT = dwarf;
				ENABLE_STRICT_OBJC_MSGSEND = YES;
				ENABLE_TESTABILITY = YES;
				ENABLE_USER_SCRIPT_SANDBOXING = YES;
				GCC_C_LANGUAGE_STANDARD = gnu17;
				GCC_DYNAMIC_NO_PIC = NO;
				GCC_NO_COMMON_BLOCKS = YES;
				GCC_OPTIMIZATION_LEVEL = 0;
				GCC_PREPROCESSOR_DEFINITIONS = (
					"DEBUG=1",
					"$(inherited)",
				);
				GCC_WARN_64_TO_32_BIT_CONVERSION = YES;
				GCC_WARN_ABOUT_RETURN_TYPE = YES_ERROR;
				GCC_WARN_UNDECLARED_SELECTOR = YES;
				GCC_WARN_UNINITIALIZED_AUTOS = YES_AGGRESSIVE;
				GCC_WARN_UNUSED_FUNCTION = YES;
				GCC_WARN_UNUSED_VARIABLE = YES;
				IPHONEOS_DEPLOYMENT_TARGET = 18.2;
				LOCALIZATION_PREFERS_STRING_CATALOGS = YES;
				MTL_ENABLE_DEBUG_INFO = INCLUDE_SOURCE;
				MTL_FAST_MATH = YES;
				ONLY_ACTIVE_ARCH = YES;
				SDKROOT = iphoneos;
				SWIFT_ACTIVE_COMPILATION_CONDITIONS = "DEBUG $(inherited)";
				SWIFT_OPTIMIZATION_LEVEL = "-Onone";
			};
			name = Debug;
		};
		64B91EB02D8D7192000AF956 /* Release */ = {
			isa = XCBuildConfiguration;
			buildSettings = {
				ALWAYS_SEARCH_USER_PATHS = NO;
				ASSETCATALOG_COMPILER_GENERATE_SWIFT_ASSET_SYMBOL_EXTENSIONS = YES;
				CLANG_ANALYZER_NONNULL = YES;
				CLANG_ANALYZER_NUMBER_OBJECT_CONVERSION = YES_AGGRESSIVE;
				CLANG_CXX_LANGUAGE_STANDARD = "gnu++20";
				CLANG_ENABLE_MODULES = YES;
				CLANG_ENABLE_OBJC_ARC = YES;
				CLANG_ENABLE_OBJC_WEAK = YES;
				CLANG_WARN_BLOCK_CAPTURE_AUTORELEASING = YES;
				CLANG_WARN_BOOL_CONVERSION = YES;
				CLANG_WARN_COMMA = YES;
				CLANG_WARN_CONSTANT_CONVERSION = YES;
				CLANG_WARN_DEPRECATED_OBJC_IMPLEMENTATIONS = YES;
				CLANG_WARN_DIRECT_OBJC_ISA_USAGE = YES_ERROR;
				CLANG_WARN_DOCUMENTATION_COMMENTS = YES;
				CLANG_WARN_EMPTY_BODY = YES;
				CLANG_WARN_ENUM_CONVERSION = YES;
				CLANG_WARN_INFINITE_RECURSION = YES;
				CLANG_WARN_INT_CONVERSION = YES;
				CLANG_WARN_NON_LITERAL_NULL_CONVERSION = YES;
				CLANG_WARN_OBJC_IMPLICIT_RETAIN_SELF = YES;
				CLANG_WARN_OBJC_LITERAL_CONVERSION = YES;
				CLANG_WARN_OBJC_ROOT_CLASS = YES_ERROR;
				CLANG_WARN_QUOTED_INCLUDE_IN_FRAMEWORK_HEADER = YES;
				CLANG_WARN_RANGE_LOOP_ANALYSIS = YES;
				CLANG_WARN_STRICT_PROTOTYPES = YES;
				CLANG_WARN_SUSPICIOUS_MOVE = YES;
				CLANG_WARN_UNGUARDED_AVAILABILITY = YES_AGGRESSIVE;
				CLANG_WARN_UNREACHABLE_CODE = YES;
				CLANG_WARN__DUPLICATE_METHOD_MATCH = YES;
				COPY_PHASE_STRIP = NO;
				DEBUG_INFORMATION_FORMAT = "dwarf-with-dsym";
				ENABLE_NS_ASSERTIONS = NO;
				ENABLE_STRICT_OBJC_MSGSEND = YES;
				ENABLE_USER_SCRIPT_SANDBOXING = YES;
				GCC_C_LANGUAGE_STANDARD = gnu17;
				GCC_NO_COMMON_BLOCKS = YES;
				GCC_WARN_64_TO_32_BIT_CONVERSION = YES;
				GCC_WARN_ABOUT_RETURN_TYPE = YES_ERROR;
				GCC_WARN_UNDECLARED_SELECTOR = YES;
				GCC_WARN_UNINITIALIZED_AUTOS = YES_AGGRESSIVE;
				GCC_WARN_UNUSED_FUNCTION = YES;
				GCC_WARN_UNUSED_VARIABLE = YES;
				IPHONEOS_DEPLOYMENT_TARGET = 18.2;
				LOCALIZATION_PREFERS_STRING_CATALOGS = YES;
				MTL_ENABLE_DEBUG_INFO = NO;
				MTL_FAST_MATH = YES;
				SDKROOT = iphoneos;
				SWIFT_COMPILATION_MODE = wholemodule;
				VALIDATE_PRODUCT = YES;
			};
			name = Release;
		};
		64B91EB22D8D7192000AF956 /* Debug */ = {
			isa = XCBuildConfiguration;
			buildSettings = {
				ASSETCATALOG_COMPILER_APPICON_NAME = AppIcon;
				ASSETCATALOG_COMPILER_GLOBAL_ACCENT_COLOR_NAME = AccentColor;
				CODE_SIGN_STYLE = Automatic;
				CURRENT_PROJECT_VERSION = 1;
				DEVELOPMENT_ASSET_PATHS = "\"toTravel/Preview Content\"";
				DEVELOPMENT_TEAM = 635F2QE69L;
				ENABLE_PREVIEWS = YES;
				GENERATE_INFOPLIST_FILE = YES;
				INFOPLIST_FILE = toTravel/Info.plist;
				INFOPLIST_KEY_UIApplicationSceneManifest_Generation = YES;
				INFOPLIST_KEY_UIApplicationSupportsIndirectInputEvents = YES;
				INFOPLIST_KEY_UILaunchScreen_Generation = YES;
				INFOPLIST_KEY_UISupportedInterfaceOrientations = UIInterfaceOrientationPortrait;
				IPHONEOS_DEPLOYMENT_TARGET = 17.6;
				LD_RUNPATH_SEARCH_PATHS = (
					"$(inherited)",
					"@executable_path/Frameworks",
				);
				MARKETING_VERSION = 1.0;
				PRODUCT_BUNDLE_IDENTIFIER = toTravel.toTravel;
				PRODUCT_NAME = "$(TARGET_NAME)";
				SWIFT_EMIT_LOC_STRINGS = YES;
				SWIFT_VERSION = 5.0;
				TARGETED_DEVICE_FAMILY = "1,2";
			};
			name = Debug;
		};
		64B91EB32D8D7192000AF956 /* Release */ = {
			isa = XCBuildConfiguration;
			buildSettings = {
				ASSETCATALOG_COMPILER_APPICON_NAME = AppIcon;
				ASSETCATALOG_COMPILER_GLOBAL_ACCENT_COLOR_NAME = AccentColor;
				CODE_SIGN_STYLE = Automatic;
				CURRENT_PROJECT_VERSION = 1;
				DEVELOPMENT_ASSET_PATHS = "\"toTravel/Preview Content\"";
				DEVELOPMENT_TEAM = 635F2QE69L;
				ENABLE_PREVIEWS = YES;
				GENERATE_INFOPLIST_FILE = YES;
				INFOPLIST_FILE = toTravel/Info.plist;
				INFOPLIST_KEY_UIApplicationSceneManifest_Generation = YES;
				INFOPLIST_KEY_UIApplicationSupportsIndirectInputEvents = YES;
				INFOPLIST_KEY_UILaunchScreen_Generation = YES;
				INFOPLIST_KEY_UISupportedInterfaceOrientations = UIInterfaceOrientationPortrait;
				IPHONEOS_DEPLOYMENT_TARGET = 17.6;
				LD_RUNPATH_SEARCH_PATHS = (
					"$(inherited)",
					"@executable_path/Frameworks",
				);
				MARKETING_VERSION = 1.0;
				PRODUCT_BUNDLE_IDENTIFIER = toTravel.toTravel;
				PRODUCT_NAME = "$(TARGET_NAME)";
				SWIFT_EMIT_LOC_STRINGS = YES;
				SWIFT_VERSION = 5.0;
				TARGETED_DEVICE_FAMILY = "1,2";
			};
			name = Release;
		};
		64B91EB52D8D7192000AF956 /* Debug */ = {
			isa = XCBuildConfiguration;
			buildSettings = {
				BUNDLE_LOADER = "$(TEST_HOST)";
				CODE_SIGN_STYLE = Automatic;
				CURRENT_PROJECT_VERSION = 1;
				GENERATE_INFOPLIST_FILE = YES;
				IPHONEOS_DEPLOYMENT_TARGET = 18.2;
				MARKETING_VERSION = 1.0;
				PRODUCT_BUNDLE_IDENTIFIER = toTravel.toTravelTests;
				PRODUCT_NAME = "$(TARGET_NAME)";
				SWIFT_EMIT_LOC_STRINGS = NO;
				SWIFT_VERSION = 5.0;
				TARGETED_DEVICE_FAMILY = "1,2";
				TEST_HOST = "$(BUILT_PRODUCTS_DIR)/toTravel.app/$(BUNDLE_EXECUTABLE_FOLDER_PATH)/toTravel";
			};
			name = Debug;
		};
		64B91EB62D8D7192000AF956 /* Release */ = {
			isa = XCBuildConfiguration;
			buildSettings = {
				BUNDLE_LOADER = "$(TEST_HOST)";
				CODE_SIGN_STYLE = Automatic;
				CURRENT_PROJECT_VERSION = 1;
				GENERATE_INFOPLIST_FILE = YES;
				IPHONEOS_DEPLOYMENT_TARGET = 18.2;
				MARKETING_VERSION = 1.0;
				PRODUCT_BUNDLE_IDENTIFIER = toTravel.toTravelTests;
				PRODUCT_NAME = "$(TARGET_NAME)";
				SWIFT_EMIT_LOC_STRINGS = NO;
				SWIFT_VERSION = 5.0;
				TARGETED_DEVICE_FAMILY = "1,2";
				TEST_HOST = "$(BUILT_PRODUCTS_DIR)/toTravel.app/$(BUNDLE_EXECUTABLE_FOLDER_PATH)/toTravel";
			};
			name = Release;
		};
		64B91EB82D8D7192000AF956 /* Debug */ = {
			isa = XCBuildConfiguration;
			buildSettings = {
				CODE_SIGN_STYLE = Automatic;
				CURRENT_PROJECT_VERSION = 1;
				GENERATE_INFOPLIST_FILE = YES;
				MARKETING_VERSION = 1.0;
				PRODUCT_BUNDLE_IDENTIFIER = toTravel.toTravelUITests;
				PRODUCT_NAME = "$(TARGET_NAME)";
				SWIFT_EMIT_LOC_STRINGS = NO;
				SWIFT_VERSION = 5.0;
				TARGETED_DEVICE_FAMILY = "1,2";
				TEST_TARGET_NAME = toTravel;
			};
			name = Debug;
		};
		64B91EB92D8D7192000AF956 /* Release */ = {
			isa = XCBuildConfiguration;
			buildSettings = {
				CODE_SIGN_STYLE = Automatic;
				CURRENT_PROJECT_VERSION = 1;
				GENERATE_INFOPLIST_FILE = YES;
				MARKETING_VERSION = 1.0;
				PRODUCT_BUNDLE_IDENTIFIER = toTravel.toTravelUITests;
				PRODUCT_NAME = "$(TARGET_NAME)";
				SWIFT_EMIT_LOC_STRINGS = NO;
				SWIFT_VERSION = 5.0;
				TARGETED_DEVICE_FAMILY = "1,2";
				TEST_TARGET_NAME = toTravel;
			};
			name = Release;
		};
/* End XCBuildConfiguration section */

/* Begin XCConfigurationList section */
		64B91E862D8D718F000AF956 /* Build configuration list for PBXProject "toTravel" */ = {
			isa = XCConfigurationList;
			buildConfigurations = (
				64B91EAF2D8D7192000AF956 /* Debug */,
				64B91EB02D8D7192000AF956 /* Release */,
			);
			defaultConfigurationIsVisible = 0;
			defaultConfigurationName = Release;
		};
		64B91EB12D8D7192000AF956 /* Build configuration list for PBXNativeTarget "toTravel" */ = {
			isa = XCConfigurationList;
			buildConfigurations = (
				64B91EB22D8D7192000AF956 /* Debug */,
				64B91EB32D8D7192000AF956 /* Release */,
			);
			defaultConfigurationIsVisible = 0;
			defaultConfigurationName = Release;
		};
		64B91EB42D8D7192000AF956 /* Build configuration list for PBXNativeTarget "toTravelTests" */ = {
			isa = XCConfigurationList;
			buildConfigurations = (
				64B91EB52D8D7192000AF956 /* Debug */,
				64B91EB62D8D7192000AF956 /* Release */,
			);
			defaultConfigurationIsVisible = 0;
			defaultConfigurationName = Release;
		};
		64B91EB72D8D7192000AF956 /* Build configuration list for PBXNativeTarget "toTravelUITests" */ = {
			isa = XCConfigurationList;
			buildConfigurations = (
				64B91EB82D8D7192000AF956 /* Debug */,
				64B91EB92D8D7192000AF956 /* Release */,
			);
			defaultConfigurationIsVisible = 0;
			defaultConfigurationName = Release;
		};
/* End XCConfigurationList section */
	};
	rootObject = 64B91E832D8D718F000AF956 /* Project object */;
}
